
Microsoft Visual Studio Solution File, Format Version 12.00
# Visual Studio 15
VisualStudioVersion = 15.0.26430.6
MinimumVisualStudioVersion = 10.0.40219.1
Project("{FAE04EC0-301F-11D3-BF4B-00C04F79EFBC}") = "T12_LINQ_01", "T12_LINQ_01\T12_LINQ_01.csproj", "{54992877-7E01-4E6F-A1C8-ED2B437007E1}"
EndProject
Project("{FAE04EC0-301F-11D3-BF4B-00C04F79EFBC}") = "T12_LINQ_02", "T12_LINQ_02\T12_LINQ_02.csproj", "{941AA4D3-8489-4CB8-8E41-B74AE8CEB45B}"
EndProject
Project("{FAE04EC0-301F-11D3-BF4B-00C04F79EFBC}") = "T12_LINQ_03", "T12_LINQ_03\T12_LINQ_03.csproj", "{3ACFE8FC-E161-4F4E-8349-060669A537DE}"
EndProject
Project("{FAE04EC0-301F-11D3-BF4B-00C04F79EFBC}") = "T12_linq_04", "T12_linq_04\T12_linq_04.csproj", "{EF3B3832-1509-450D-81EC-9D3938BD9704}"
EndProject
Project("{FAE04EC0-301F-11D3-BF4B-00C04F79EFBC}") = "T12_linq_05", "T12_linq_05\T12_linq_05.csproj", "{562A0226-AB62-4B36-B246-2E5B9764F58F}"
EndProject
Project("{FAE04EC0-301F-11D3-BF4B-00C04F79EFBC}") = "T12_linq_06", "T12_linq_06\T12_linq_06.csproj", "{573F40A0-53C6-4BED-86D4-2174566E33BD}"
EndProject
Project("{FAE04EC0-301F-11D3-BF4B-00C04F79EFBC}") = "T12_linq_07", "T12_linq_07\T12_linq_07.csproj", "{2C32A3C8-07D5-4F33-A18E-A690D5B16A92}"
EndProject
Global
	GlobalSection(SolutionConfigurationPlatforms) = preSolution
		Debug|Any CPU = Debug|Any CPU
		Release|Any CPU = Release|Any CPU
	EndGlobalSection
	GlobalSection(ProjectConfigurationPlatforms) = postSolution
		{54992877-7E01-4E6F-A1C8-ED2B437007E1}.Debug|Any CPU.ActiveCfg = Debug|Any CPU
		{54992877-7E01-4E6F-A1C8-ED2B437007E1}.Debug|Any CPU.Build.0 = Debug|Any CPU
		{54992877-7E01-4E6F-A1C8-ED2B437007E1}.Release|Any CPU.ActiveCfg = Release|Any CPU
		{54992877-7E01-4E6F-A1C8-ED2B437007E1}.Release|Any CPU.Build.0 = Release|Any CPU
		{941AA4D3-8489-4CB8-8E41-B74AE8CEB45B}.Debug|Any CPU.ActiveCfg = Debug|Any CPU
		{941AA4D3-8489-4CB8-8E41-B74AE8CEB45B}.Debug|Any CPU.Build.0 = Debug|Any CPU
		{941AA4D3-8489-4CB8-8E41-B74AE8CEB45B}.Release|Any CPU.ActiveCfg = Release|Any CPU
		{941AA4D3-8489-4CB8-8E41-B74AE8CEB45B}.Release|Any CPU.Build.0 = Release|Any CPU
		{3ACFE8FC-E161-4F4E-8349-060669A537DE}.Debug|Any CPU.ActiveCfg = Debug|Any CPU
		{3ACFE8FC-E161-4F4E-8349-060669A537DE}.Debug|Any CPU.Build.0 = Debug|Any CPU
		{3ACFE8FC-E161-4F4E-8349-060669A537DE}.Release|Any CPU.ActiveCfg = Release|Any CPU
		{3ACFE8FC-E161-4F4E-8349-060669A537DE}.Release|Any CPU.Build.0 = Release|Any CPU
		{EF3B3832-1509-450D-81EC-9D3938BD9704}.Debug|Any CPU.ActiveCfg = Debug|Any CPU
		{EF3B3832-1509-450D-81EC-9D3938BD9704}.Debug|Any CPU.Build.0 = Debug|Any CPU
		{EF3B3832-1509-450D-81EC-9D3938BD9704}.Release|Any CPU.ActiveCfg = Release|Any CPU
		{EF3B3832-1509-450D-81EC-9D3938BD9704}.Release|Any CPU.Build.0 = Release|Any CPU
		{562A0226-AB62-4B36-B246-2E5B9764F58F}.Debug|Any CPU.ActiveCfg = Debug|Any CPU
		{562A0226-AB62-4B36-B246-2E5B9764F58F}.Debug|Any CPU.Build.0 = Debug|Any CPU
		{562A0226-AB62-4B36-B246-2E5B9764F58F}.Release|Any CPU.ActiveCfg = Release|Any CPU
		{562A0226-AB62-4B36-B246-2E5B9764F58F}.Release|Any CPU.Build.0 = Release|Any CPU
		{573F40A0-53C6-4BED-86D4-2174566E33BD}.Debug|Any CPU.ActiveCfg = Debug|Any CPU
		{573F40A0-53C6-4BED-86D4-2174566E33BD}.Debug|Any CPU.Build.0 = Debug|Any CPU
		{573F40A0-53C6-4BED-86D4-2174566E33BD}.Release|Any CPU.ActiveCfg = Release|Any CPU
		{573F40A0-53C6-4BED-86D4-2174566E33BD}.Release|Any CPU.Build.0 = Release|Any CPU
		{2C32A3C8-07D5-4F33-A18E-A690D5B16A92}.Debug|Any CPU.ActiveCfg = Debug|Any CPU
		{2C32A3C8-07D5-4F33-A18E-A690D5B16A92}.Debug|Any CPU.Build.0 = Debug|Any CPU
		{2C32A3C8-07D5-4F33-A18E-A690D5B16A92}.Release|Any CPU.ActiveCfg = Release|Any CPU
		{2C32A3C8-07D5-4F33-A18E-A690D5B16A92}.Release|Any CPU.Build.0 = Release|Any CPU
	EndGlobalSection
	GlobalSection(SolutionProperties) = preSolution
		HideSolutionNode = FALSE
	EndGlobalSection
EndGlobal
